
Microsoft Visual Studio Solution File, Format Version 11.00
# Visual Studio 2010
Project("{FAE04EC0-301F-11D3-BF4B-00C04F79EFBC}") = "Colors", "Colors\Colors.csproj", "{F7247978-A6B3-42BC-AC32-BBD94E43EA27}"
EndProject
Global
	GlobalSection(SolutionConfigurationPlatforms) = preSolution
		Debug|x86 = Debug|x86
		Release|x86 = Release|x86
	EndGlobalSection
	GlobalSection(ProjectConfigurationPlatforms) = postSolution
		{F7247978-A6B3-42BC-AC32-BBD94E43EA27}.Debug|x86.ActiveCfg = Debug|x86
		{F7247978-A6B3-42BC-AC32-BBD94E43EA27}.Debug|x86.Build.0 = Debug|x86
		{F7247978-A6B3-42BC-AC32-BBD94E43EA27}.Release|x86.ActiveCfg = Release|x86
		{F7247978-A6B3-42BC-AC32-BBD94E43EA27}.Release|x86.Build.0 = Release|x86
	EndGlobalSection
	GlobalSection(SolutionProperties) = preSolution
		HideSolutionNode = FALSE
	EndGlobalSection
EndGlobal
